
Microsoft Visual Studio Solution File, Format Version 12.00
# Visual Studio 15
VisualStudioVersion = 15.0.28307.168
MinimumVisualStudioVersion = 10.0.40219.1
Project("{FAE04EC0-301F-11D3-BF4B-00C04F79EFBC}") = "TimeTableGenerator", "TimeTableGenerator\TimeTableGenerator.csproj", "{770DBBBB-9595-4A8E-B049-A08FAB5E1788}"
EndProject
Global
	GlobalSection(SolutionConfigurationPlatforms) = preSolution
		Debug|Any CPU = Debug|Any CPU
		Release|Any CPU = Release|Any CPU
	EndGlobalSection
	GlobalSection(ProjectConfigurationPlatforms) = postSolution
		{770DBBBB-9595-4A8E-B049-A08FAB5E1788}.Debug|Any CPU.ActiveCfg = Debug|Any CPU
		{770DBBBB-9595-4A8E-B049-A08FAB5E1788}.Debug|Any CPU.Build.0 = Debug|Any CPU
		{770DBBBB-9595-4A8E-B049-A08FAB5E1788}.Release|Any CPU.ActiveCfg = Release|Any CPU
		{770DBBBB-9595-4A8E-B049-A08FAB5E1788}.Release|Any CPU.Build.0 = Release|Any CPU
	EndGlobalSection
	GlobalSection(SolutionProperties) = preSolution
		HideSolutionNode = FALSE
	EndGlobalSection
	GlobalSection(ExtensibilityGlobals) = postSolution
		SolutionGuid = {96B0FEE4-291C-410F-956E-9CCA2E58C46D}
	EndGlobalSection
EndGlobal
